
Microsoft Visual Studio Solution File, Format Version 12.00
# Visual Studio 15
VisualStudioVersion = 15.0.27703.2042
MinimumVisualStudioVersion = 10.0.40219.1
Project("{2150E333-8FDC-42A3-9474-1A3956D46DE8}") = "ExamGroupIMD.WebAPI", "ExamGroupIMD.WebAPI", "{E99F5079-6939-4795-950D-4D898E174DB4}"
EndProject
Project("{FAE04EC0-301F-11D3-BF4B-00C04F79EFBC}") = "ExamGroupIMD.WebAPI", "ExamGroupIMD.WebAPI\ExamGroupIMD.WebAPI.csproj", "{456951C2-595E-48C8-B1DD-65B5283F2B63}"
EndProject
Project("{2150E333-8FDC-42A3-9474-1A3956D46DE8}") = "ExamGroupIMD.Server", "ExamGroupIMD.Server", "{1FAF32B9-85AE-4352-8D9E-84E987496B9B}"
EndProject
Project("{FAE04EC0-301F-11D3-BF4B-00C04F79EFBC}") = "ExamGroupIMD.Entities", "ExamGroupIMD.Entities\ExamGroupIMD.Entities.csproj", "{98E25CB7-C35E-4758-A327-6AD869EC4734}"
EndProject
Project("{FAE04EC0-301F-11D3-BF4B-00C04F79EFBC}") = "ExamGroupIMD.Data", "ExamGroupIMD.Data\ExamGroupIMD.Data.csproj", "{9179E512-A494-44B5-88D7-203F02AC6A33}"
EndProject
Project("{FAE04EC0-301F-11D3-BF4B-00C04F79EFBC}") = "ExamGroupIMD.Business", "ExamGroupIMD.Business\ExamGroupIMD.Business.csproj", "{B902F683-781B-46F7-99F0-6C7A55FF4A1C}"
EndProject
Project("{FAE04EC0-301F-11D3-BF4B-00C04F79EFBC}") = "ExamGroupIMD.Service", "ExamGroupIMD.Service\ExamGroupIMD.Service.csproj", "{4C282A1E-66F2-4D45-9C43-CE7C74B6A532}"
EndProject
Project("{FAE04EC0-301F-11D3-BF4B-00C04F79EFBC}") = "ExamGroupIMD.Data.Test", "ExamGroupIMD.Data.Test\ExamGroupIMD.Data.Test.csproj", "{6C8342A7-9C6F-42B7-BF49-C25B75C23452}"
EndProject
Project("{FAE04EC0-301F-11D3-BF4B-00C04F79EFBC}") = "ExamGroupIMD.WebAPI.Test", "ExamGroupIMD.WebAPI.Test\ExamGroupIMD.WebAPI.Test.csproj", "{A6A1743A-E319-4AE3-AC7B-96BC06A24560}"
EndProject
Project("{FAE04EC0-301F-11D3-BF4B-00C04F79EFBC}") = "ExamGroupIMD.Business.Test", "ExamGroupIMD.Business.Test\ExamGroupIMD.Business.Test.csproj", "{86478384-03E5-4113-A166-1A180EF3EA93}"
EndProject
Global
	GlobalSection(SolutionConfigurationPlatforms) = preSolution
		Debug|Any CPU = Debug|Any CPU
		Release|Any CPU = Release|Any CPU
	EndGlobalSection
	GlobalSection(ProjectConfigurationPlatforms) = postSolution
		{456951C2-595E-48C8-B1DD-65B5283F2B63}.Debug|Any CPU.ActiveCfg = Debug|Any CPU
		{456951C2-595E-48C8-B1DD-65B5283F2B63}.Debug|Any CPU.Build.0 = Debug|Any CPU
		{456951C2-595E-48C8-B1DD-65B5283F2B63}.Release|Any CPU.ActiveCfg = Release|Any CPU
		{456951C2-595E-48C8-B1DD-65B5283F2B63}.Release|Any CPU.Build.0 = Release|Any CPU
		{98E25CB7-C35E-4758-A327-6AD869EC4734}.Debug|Any CPU.ActiveCfg = Debug|Any CPU
		{98E25CB7-C35E-4758-A327-6AD869EC4734}.Debug|Any CPU.Build.0 = Debug|Any CPU
		{98E25CB7-C35E-4758-A327-6AD869EC4734}.Release|Any CPU.ActiveCfg = Release|Any CPU
		{98E25CB7-C35E-4758-A327-6AD869EC4734}.Release|Any CPU.Build.0 = Release|Any CPU
		{9179E512-A494-44B5-88D7-203F02AC6A33}.Debug|Any CPU.ActiveCfg = Debug|Any CPU
		{9179E512-A494-44B5-88D7-203F02AC6A33}.Debug|Any CPU.Build.0 = Debug|Any CPU
		{9179E512-A494-44B5-88D7-203F02AC6A33}.Release|Any CPU.ActiveCfg = Release|Any CPU
		{9179E512-A494-44B5-88D7-203F02AC6A33}.Release|Any CPU.Build.0 = Release|Any CPU
		{B902F683-781B-46F7-99F0-6C7A55FF4A1C}.Debug|Any CPU.ActiveCfg = Debug|Any CPU
		{B902F683-781B-46F7-99F0-6C7A55FF4A1C}.Debug|Any CPU.Build.0 = Debug|Any CPU
		{B902F683-781B-46F7-99F0-6C7A55FF4A1C}.Release|Any CPU.ActiveCfg = Release|Any CPU
		{B902F683-781B-46F7-99F0-6C7A55FF4A1C}.Release|Any CPU.Build.0 = Release|Any CPU
		{4C282A1E-66F2-4D45-9C43-CE7C74B6A532}.Debug|Any CPU.ActiveCfg = Debug|Any CPU
		{4C282A1E-66F2-4D45-9C43-CE7C74B6A532}.Debug|Any CPU.Build.0 = Debug|Any CPU
		{4C282A1E-66F2-4D45-9C43-CE7C74B6A532}.Release|Any CPU.ActiveCfg = Release|Any CPU
		{4C282A1E-66F2-4D45-9C43-CE7C74B6A532}.Release|Any CPU.Build.0 = Release|Any CPU
		{6C8342A7-9C6F-42B7-BF49-C25B75C23452}.Debug|Any CPU.ActiveCfg = Debug|Any CPU
		{6C8342A7-9C6F-42B7-BF49-C25B75C23452}.Debug|Any CPU.Build.0 = Debug|Any CPU
		{6C8342A7-9C6F-42B7-BF49-C25B75C23452}.Release|Any CPU.ActiveCfg = Release|Any CPU
		{6C8342A7-9C6F-42B7-BF49-C25B75C23452}.Release|Any CPU.Build.0 = Release|Any CPU
		{A6A1743A-E319-4AE3-AC7B-96BC06A24560}.Debug|Any CPU.ActiveCfg = Debug|Any CPU
		{A6A1743A-E319-4AE3-AC7B-96BC06A24560}.Debug|Any CPU.Build.0 = Debug|Any CPU
		{A6A1743A-E319-4AE3-AC7B-96BC06A24560}.Release|Any CPU.ActiveCfg = Release|Any CPU
		{A6A1743A-E319-4AE3-AC7B-96BC06A24560}.Release|Any CPU.Build.0 = Release|Any CPU
		{86478384-03E5-4113-A166-1A180EF3EA93}.Debug|Any CPU.ActiveCfg = Debug|Any CPU
		{86478384-03E5-4113-A166-1A180EF3EA93}.Debug|Any CPU.Build.0 = Debug|Any CPU
		{86478384-03E5-4113-A166-1A180EF3EA93}.Release|Any CPU.ActiveCfg = Release|Any CPU
		{86478384-03E5-4113-A166-1A180EF3EA93}.Release|Any CPU.Build.0 = Release|Any CPU
	EndGlobalSection
	GlobalSection(SolutionProperties) = preSolution
		HideSolutionNode = FALSE
	EndGlobalSection
	GlobalSection(NestedProjects) = preSolution
		{456951C2-595E-48C8-B1DD-65B5283F2B63} = {E99F5079-6939-4795-950D-4D898E174DB4}
		{98E25CB7-C35E-4758-A327-6AD869EC4734} = {1FAF32B9-85AE-4352-8D9E-84E987496B9B}
		{9179E512-A494-44B5-88D7-203F02AC6A33} = {1FAF32B9-85AE-4352-8D9E-84E987496B9B}
		{B902F683-781B-46F7-99F0-6C7A55FF4A1C} = {1FAF32B9-85AE-4352-8D9E-84E987496B9B}
		{4C282A1E-66F2-4D45-9C43-CE7C74B6A532} = {1FAF32B9-85AE-4352-8D9E-84E987496B9B}
		{6C8342A7-9C6F-42B7-BF49-C25B75C23452} = {1FAF32B9-85AE-4352-8D9E-84E987496B9B}
		{A6A1743A-E319-4AE3-AC7B-96BC06A24560} = {E99F5079-6939-4795-950D-4D898E174DB4}
		{86478384-03E5-4113-A166-1A180EF3EA93} = {1FAF32B9-85AE-4352-8D9E-84E987496B9B}
	EndGlobalSection
	GlobalSection(ExtensibilityGlobals) = postSolution
		SolutionGuid = {5E930ED6-040B-4739-964D-1A56CDD46E10}
	EndGlobalSection
EndGlobal
